
Microsoft Visual Studio Solution File, Format Version 12.00
# Visual Studio 15
VisualStudioVersion = 15.0.28307.271
MinimumVisualStudioVersion = 10.0.40219.1
Project("{FAE04EC0-301F-11D3-BF4B-00C04F79EFBC}") = "JustAFuckingTest", "JustAFuckingTest\JustAFuckingTest.csproj", "{9313A9CF-2B95-4715-893B-E39A5D6767DF}"
EndProject
Global
	GlobalSection(SolutionConfigurationPlatforms) = preSolution
		Debug|Any CPU = Debug|Any CPU
		Release|Any CPU = Release|Any CPU
	EndGlobalSection
	GlobalSection(ProjectConfigurationPlatforms) = postSolution
		{9313A9CF-2B95-4715-893B-E39A5D6767DF}.Debug|Any CPU.ActiveCfg = Debug|Any CPU
		{9313A9CF-2B95-4715-893B-E39A5D6767DF}.Debug|Any CPU.Build.0 = Debug|Any CPU
		{9313A9CF-2B95-4715-893B-E39A5D6767DF}.Release|Any CPU.ActiveCfg = Release|Any CPU
		{9313A9CF-2B95-4715-893B-E39A5D6767DF}.Release|Any CPU.Build.0 = Release|Any CPU
	EndGlobalSection
	GlobalSection(SolutionProperties) = preSolution
		HideSolutionNode = FALSE
	EndGlobalSection
	GlobalSection(ExtensibilityGlobals) = postSolution
		SolutionGuid = {A5E68FB3-6215-4712-8A64-729895ED72C9}
	EndGlobalSection
EndGlobal
